// !$*UTF8*$!
{
	archiveVersion = 1;
	classes = {
	};
	objectVersion = 50;
	objects = {

/* Begin PBXBuildFile section */
		6F5DEC9423D7DE2E00E7ED47 /* AppDelegate.swift in Sources */ = {isa = PBXBuildFile; fileRef = 6F5DEC9323D7DE2E00E7ED47 /* AppDelegate.swift */; };
		6F5DEC9623D7DE2E00E7ED47 /* ViewController.swift in Sources */ = {isa = PBXBuildFile; fileRef = 6F5DEC9523D7DE2E00E7ED47 /* ViewController.swift */; };
		6F5DEC9923D7DE2E00E7ED47 /* Main.storyboard in Resources */ = {isa = PBXBuildFile; fileRef = 6F5DEC9723D7DE2E00E7ED47 /* Main.storyboard */; };
		6F5DEC9B23D7DE3000E7ED47 /* Assets.xcassets in Resources */ = {isa = PBXBuildFile; fileRef = 6F5DEC9A23D7DE3000E7ED47 /* Assets.xcassets */; };
		6F5DEC9E23D7DE3000E7ED47 /* LaunchScreen.storyboard in Resources */ = {isa = PBXBuildFile; fileRef = 6F5DEC9C23D7DE3000E7ED47 /* LaunchScreen.storyboard */; };
		6F5DECA923D7DE3000E7ED47 /* tipCalculatorTests.swift in Sources */ = {isa = PBXBuildFile; fileRef = 6F5DECA823D7DE3000E7ED47 /* tipCalculatorTests.swift */; };
		6F5DECB423D7DE3000E7ED47 /* tipCalculatorUITests.swift in Sources */ = {isa = PBXBuildFile; fileRef = 6F5DECB323D7DE3000E7ED47 /* tipCalculatorUITests.swift */; };
		6F5DECC223D7EBB400E7ED47 /* SettingsViewController.swift in Sources */ = {isa = PBXBuildFile; fileRef = 6F5DECC123D7EBB400E7ED47 /* SettingsViewController.swift */; };
		6F5DECC423D7F94700E7ED47 /* MoodsViewController.swift in Sources */ = {isa = PBXBuildFile; fileRef = 6F5DECC323D7F94700E7ED47 /* MoodsViewController.swift */; };
		6F749AC423DA7807005D5E3A /* FirstPageViewController.swift in Sources */ = {isa = PBXBuildFile; fileRef = 6F749AC323DA7807005D5E3A /* FirstPageViewController.swift */; };
/* End PBXBuildFile section */

/* Begin PBXContainerItemProxy section */
		6F5DECA523D7DE3000E7ED47 /* PBXContainerItemProxy */ = {
			isa = PBXContainerItemProxy;
			containerPortal = 6F5DEC8823D7DE2E00E7ED47 /* Project object */;
			proxyType = 1;
			remoteGlobalIDString = 6F5DEC8F23D7DE2E00E7ED47;
			remoteInfo = tipCalculator;
		};
		6F5DECB023D7DE3000E7ED47 /* PBXContainerItemProxy */ = {
			isa = PBXContainerItemProxy;
			containerPortal = 6F5DEC8823D7DE2E00E7ED47 /* Project object */;
			proxyType = 1;
			remoteGlobalIDString = 6F5DEC8F23D7DE2E00E7ED47;
			remoteInfo = tipCalculator;
		};
/* End PBXContainerItemProxy section */

/* Begin PBXFileReference section */
		6F5DEC9023D7DE2E00E7ED47 /* tipCalculator.app */ = {isa = PBXFileReference; explicitFileType = wrapper.application; includeInIndex = 0; path = tipCalculator.app; sourceTree = BUILT_PRODUCTS_DIR; };
		6F5DEC9323D7DE2E00E7ED47 /* AppDelegate.swift */ = {isa = PBXFileReference; lastKnownFileType = sourcecode.swift; path = AppDelegate.swift; sourceTree = "<group>"; };
		6F5DEC9523D7DE2E00E7ED47 /* ViewController.swift */ = {isa = PBXFileReference; lastKnownFileType = sourcecode.swift; path = ViewController.swift; sourceTree = "<group>"; };
		6F5DEC9823D7DE2E00E7ED47 /* Base */ = {isa = PBXFileReference; lastKnownFileType = file.storyboard; name = Base; path = Base.lproj/Main.storyboard; sourceTree = "<group>"; };
		6F5DEC9A23D7DE3000E7ED47 /* Assets.xcassets */ = {isa = PBXFileReference; lastKnownFileType = folder.assetcatalog; path = Assets.xcassets; sourceTree = "<group>"; };
		6F5DEC9D23D7DE3000E7ED47 /* Base */ = {isa = PBXFileReference; lastKnownFileType = file.storyboard; name = Base; path = Base.lproj/LaunchScreen.storyboard; sourceTree = "<group>"; };
		6F5DEC9F23D7DE3000E7ED47 /* Info.plist */ = {isa = PBXFileReference; lastKnownFileType = text.plist.xml; path = Info.plist; sourceTree = "<group>"; };
		6F5DECA423D7DE3000E7ED47 /* tipCalculatorTests.xctest */ = {isa = PBXFileReference; explicitFileType = wrapper.cfbundle; includeInIndex = 0; path = tipCalculatorTests.xctest; sourceTree = BUILT_PRODUCTS_DIR; };
		6F5DECA823D7DE3000E7ED47 /* tipCalculatorTests.swift */ = {isa = PBXFileReference; lastKnownFileType = sourcecode.swift; path = tipCalculatorTests.swift; sourceTree = "<group>"; };
		6F5DECAA23D7DE3000E7ED47 /* Info.plist */ = {isa = PBXFileReference; lastKnownFileType = text.plist.xml; path = Info.plist; sourceTree = "<group>"; };
		6F5DECAF23D7DE3000E7ED47 /* tipCalculatorUITests.xctest */ = {isa = PBXFileReference; explicitFileType = wrapper.cfbundle; includeInIndex = 0; path = tipCalculatorUITests.xctest; sourceTree = BUILT_PRODUCTS_DIR; };
		6F5DECB323D7DE3000E7ED47 /* tipCalculatorUITests.swift */ = {isa = PBXFileReference; lastKnownFileType = sourcecode.swift; path = tipCalculatorUITests.swift; sourceTree = "<group>"; };
		6F5DECB523D7DE3000E7ED47 /* Info.plist */ = {isa = PBXFileReference; lastKnownFileType = text.plist.xml; path = Info.plist; sourceTree = "<group>"; };
		6F5DECC123D7EBB400E7ED47 /* SettingsViewController.swift */ = {isa = PBXFileReference; lastKnownFileType = sourcecode.swift; path = SettingsViewController.swift; sourceTree = "<group>"; };
		6F5DECC323D7F94700E7ED47 /* MoodsViewController.swift */ = {isa = PBXFileReference; lastKnownFileType = sourcecode.swift; path = MoodsViewController.swift; sourceTree = "<group>"; };
		6F749AC323DA7807005D5E3A /* FirstPageViewController.swift */ = {isa = PBXFileReference; lastKnownFileType = sourcecode.swift; path = FirstPageViewController.swift; sourceTree = "<group>"; };
/* End PBXFileReference section */

/* Begin PBXFrameworksBuildPhase section */
		6F5DEC8D23D7DE2E00E7ED47 /* Frameworks */ = {
			isa = PBXFrameworksBuildPhase;
			buildActionMask = 2147483647;
			files = (
			);
			runOnlyForDeploymentPostprocessing = 0;
		};
		6F5DECA123D7DE3000E7ED47 /* Frameworks */ = {
			isa = PBXFrameworksBuildPhase;
			buildActionMask = 2147483647;
			files = (
			);
			runOnlyForDeploymentPostprocessing = 0;
		};
		6F5DECAC23D7DE3000E7ED47 /* Frameworks */ = {
			isa = PBXFrameworksBuildPhase;
			buildActionMask = 2147483647;
			files = (
			);
			runOnlyForDeploymentPostprocessing = 0;
		};
/* End PBXFrameworksBuildPhase section */

/* Begin PBXGroup section */
		6F5DEC8723D7DE2E00E7ED47 = {
			isa = PBXGroup;
			children = (
				6F5DEC9223D7DE2E00E7ED47 /* tipCalculator */,
				6F5DECA723D7DE3000E7ED47 /* tipCalculatorTests */,
				6F5DECB223D7DE3000E7ED47 /* tipCalculatorUITests */,
				6F5DEC9123D7DE2E00E7ED47 /* Products */,
			);
			sourceTree = "<group>";
		};
		6F5DEC9123D7DE2E00E7ED47 /* Products */ = {
			isa = PBXGroup;
			children = (
				6F5DEC9023D7DE2E00E7ED47 /* tipCalculator.app */,
				6F5DECA423D7DE3000E7ED47 /* tipCalculatorTests.xctest */,
				6F5DECAF23D7DE3000E7ED47 /* tipCalculatorUITests.xctest */,
			);
			name = Products;
			sourceTree = "<group>";
		};
		6F5DEC9223D7DE2E00E7ED47 /* tipCalculator */ = {
			isa = PBXGroup;
			children = (
				6F5DEC9323D7DE2E00E7ED47 /* AppDelegate.swift */,
				6F5DEC9523D7DE2E00E7ED47 /* ViewController.swift */,
				6F5DEC9723D7DE2E00E7ED47 /* Main.storyboard */,
				6F5DECC323D7F94700E7ED47 /* MoodsViewController.swift */,
				6F5DECC123D7EBB400E7ED47 /* SettingsViewController.swift */,
				6F5DEC9A23D7DE3000E7ED47 /* Assets.xcassets */,
				6F749AC323DA7807005D5E3A /* FirstPageViewController.swift */,
				6F5DEC9C23D7DE3000E7ED47 /* LaunchScreen.storyboard */,
				6F5DEC9F23D7DE3000E7ED47 /* Info.plist */,
			);
			path = tipCalculator;
			sourceTree = "<group>";
		};
		6F5DECA723D7DE3000E7ED47 /* tipCalculatorTests */ = {
			isa = PBXGroup;
			children = (
				6F5DECA823D7DE3000E7ED47 /* tipCalculatorTests.swift */,
				6F5DECAA23D7DE3000E7ED47 /* Info.plist */,
			);
			path = tipCalculatorTests;
			sourceTree = "<group>";
		};
		6F5DECB223D7DE3000E7ED47 /* tipCalculatorUITests */ = {
			isa = PBXGroup;
			children = (
				6F5DECB323D7DE3000E7ED47 /* tipCalculatorUITests.swift */,
				6F5DECB523D7DE3000E7ED47 /* Info.plist */,
			);
			path = tipCalculatorUITests;
			sourceTree = "<group>";
		};
/* End PBXGroup section */

/* Begin PBXNativeTarget section */
		6F5DEC8F23D7DE2E00E7ED47 /* tipCalculator */ = {
			isa = PBXNativeTarget;
			buildConfigurationList = 6F5DECB823D7DE3000E7ED47 /* Build configuration list for PBXNativeTarget "tipCalculator" */;
			buildPhases = (
				6F5DEC8C23D7DE2E00E7ED47 /* Sources */,
				6F5DEC8D23D7DE2E00E7ED47 /* Frameworks */,
				6F5DEC8E23D7DE2E00E7ED47 /* Resources */,
			);
			buildRules = (
			);
			dependencies = (
			);
			name = tipCalculator;
			productName = tipCalculator;
			productReference = 6F5DEC9023D7DE2E00E7ED47 /* tipCalculator.app */;
			productType = "com.apple.product-type.application";
		};
		6F5DECA323D7DE3000E7ED47 /* tipCalculatorTests */ = {
			isa = PBXNativeTarget;
			buildConfigurationList = 6F5DECBB23D7DE3000E7ED47 /* Build configuration list for PBXNativeTarget "tipCalculatorTests" */;
			buildPhases = (
				6F5DECA023D7DE3000E7ED47 /* Sources */,
				6F5DECA123D7DE3000E7ED47 /* Frameworks */,
				6F5DECA223D7DE3000E7ED47 /* Resources */,
			);
			buildRules = (
			);
			dependencies = (
				6F5DECA623D7DE3000E7ED47 /* PBXTargetDependency */,
			);
			name = tipCalculatorTests;
			productName = tipCalculatorTests;
			productReference = 6F5DECA423D7DE3000E7ED47 /* tipCalculatorTests.xctest */;
			productType = "com.apple.product-type.bundle.unit-test";
		};
		6F5DECAE23D7DE3000E7ED47 /* tipCalculatorUITests */ = {
			isa = PBXNativeTarget;
			buildConfigurationList = 6F5DECBE23D7DE3000E7ED47 /* Build configuration list for PBXNativeTarget "tipCalculatorUITests" */;
			buildPhases = (
				6F5DECAB23D7DE3000E7ED47 /* Sources */,
				6F5DECAC23D7DE3000E7ED47 /* Frameworks */,
				6F5DECAD23D7DE3000E7ED47 /* Resources */,
			);
			buildRules = (
			);
			dependencies = (
				6F5DECB123D7DE3000E7ED47 /* PBXTargetDependency */,
			);
			name = tipCalculatorUITests;
			productName = tipCalculatorUITests;
			productReference = 6F5DECAF23D7DE3000E7ED47 /* tipCalculatorUITests.xctest */;
			productType = "com.apple.product-type.bundle.ui-testing";
		};
/* End PBXNativeTarget section */

/* Begin PBXProject section */
		6F5DEC8823D7DE2E00E7ED47 /* Project object */ = {
			isa = PBXProject;
			attributes = {
				LastSwiftUpdateCheck = 1010;
				LastUpgradeCheck = 1010;
				ORGANIZATIONNAME = eventFind;
				TargetAttributes = {
					6F5DEC8F23D7DE2E00E7ED47 = {
						CreatedOnToolsVersion = 10.1;
					};
					6F5DECA323D7DE3000E7ED47 = {
						CreatedOnToolsVersion = 10.1;
						TestTargetID = 6F5DEC8F23D7DE2E00E7ED47;
					};
					6F5DECAE23D7DE3000E7ED47 = {
						CreatedOnToolsVersion = 10.1;
						TestTargetID = 6F5DEC8F23D7DE2E00E7ED47;
					};
				};
			};
			buildConfigurationList = 6F5DEC8B23D7DE2E00E7ED47 /* Build configuration list for PBXProject "tipCalculator" */;
			compatibilityVersion = "Xcode 9.3";
			developmentRegion = en;
			hasScannedForEncodings = 0;
			knownRegions = (
				en,
				Base,
			);
			mainGroup = 6F5DEC8723D7DE2E00E7ED47;
			productRefGroup = 6F5DEC9123D7DE2E00E7ED47 /* Products */;
			projectDirPath = "";
			projectRoot = "";
			targets = (
				6F5DEC8F23D7DE2E00E7ED47 /* tipCalculator */,
				6F5DECA323D7DE3000E7ED47 /* tipCalculatorTests */,
				6F5DECAE23D7DE3000E7ED47 /* tipCalculatorUITests */,
			);
		};
/* End PBXProject section */

/* Begin PBXResourcesBuildPhase section */
		6F5DEC8E23D7DE2E00E7ED47 /* Resources */ = {
			isa = PBXResourcesBuildPhase;
			buildActionMask = 2147483647;
			files = (
				6F5DEC9E23D7DE3000E7ED47 /* LaunchScreen.storyboard in Resources */,
				6F5DEC9B23D7DE3000E7ED47 /* Assets.xcassets in Resources */,
				6F5DEC9923D7DE2E00E7ED47 /* Main.storyboard in Resources */,
			);
			runOnlyForDeploymentPostprocessing = 0;
		};
		6F5DECA223D7DE3000E7ED47 /* Resources */ = {
			isa = PBXResourcesBuildPhase;
			buildActionMask = 2147483647;
			files = (
			);
			runOnlyForDeploymentPostprocessing = 0;
		};
		6F5DECAD23D7DE3000E7ED47 /* Resources */ = {
			isa = PBXResourcesBuildPhase;
			buildActionMask = 2147483647;
			files = (
			);
			runOnlyForDeploymentPostprocessing = 0;
		};
/* End PBXResourcesBuildPhase section */

/* Begin PBXSourcesBuildPhase section */
		6F5DEC8C23D7DE2E00E7ED47 /* Sources */ = {
			isa = PBXSourcesBuildPhase;
			buildActionMask = 2147483647;
			files = (
				6F5DEC9623D7DE2E00E7ED47 /* ViewController.swift in Sources */,
				6F5DECC423D7F94700E7ED47 /* MoodsViewController.swift in Sources */,
				6F749AC423DA7807005D5E3A /* FirstPageViewController.swift in Sources */,
				6F5DEC9423D7DE2E00E7ED47 /* AppDelegate.swift in Sources */,
				6F5DECC223D7EBB400E7ED47 /* SettingsViewController.swift in Sources */,
			);
			runOnlyForDeploymentPostprocessing = 0;
		};
		6F5DECA023D7DE3000E7ED47 /* Sources */ = {
			isa = PBXSourcesBuildPhase;
			buildActionMask = 2147483647;
			files = (
				6F5DECA923D7DE3000E7ED47 /* tipCalculatorTests.swift in Sources */,
			);
			runOnlyForDeploymentPostprocessing = 0;
		};
		6F5DECAB23D7DE3000E7ED47 /* Sources */ = {
			isa = PBXSourcesBuildPhase;
			buildActionMask = 2147483647;
			files = (
				6F5DECB423D7DE3000E7ED47 /* tipCalculatorUITests.swift in Sources */,
			);
			runOnlyForDeploymentPostprocessing = 0;
		};
/* End PBXSourcesBuildPhase section */

/* Begin PBXTargetDependency section */
		6F5DECA623D7DE3000E7ED47 /* PBXTargetDependency */ = {
			isa = PBXTargetDependency;
			target = 6F5DEC8F23D7DE2E00E7ED47 /* tipCalculator */;
			targetProxy = 6F5DECA523D7DE3000E7ED47 /* PBXContainerItemProxy */;
		};
		6F5DECB123D7DE3000E7ED47 /* PBXTargetDependency */ = {
			isa = PBXTargetDependency;
			target = 6F5DEC8F23D7DE2E00E7ED47 /* tipCalculator */;
			targetProxy = 6F5DECB023D7DE3000E7ED47 /* PBXContainerItemProxy */;
		};
/* End PBXTargetDependency section */

/* Begin PBXVariantGroup section */
		6F5DEC9723D7DE2E00E7ED47 /* Main.storyboard */ = {
			isa = PBXVariantGroup;
			children = (
				6F5DEC9823D7DE2E00E7ED47 /* Base */,
			);
			name = Main.storyboard;
			sourceTree = "<group>";
		};
		6F5DEC9C23D7DE3000E7ED47 /* LaunchScreen.storyboard */ = {
			isa = PBXVariantGroup;
			children = (
				6F5DEC9D23D7DE3000E7ED47 /* Base */,
			);
			name = LaunchScreen.storyboard;
			sourceTree = "<group>";
		};
/* End PBXVariantGroup section */

/* Begin XCBuildConfiguration section */
		6F5DECB623D7DE3000E7ED47 /* Debug */ = {
			isa = XCBuildConfiguration;
			buildSettings = {
				ALWAYS_SEARCH_USER_PATHS = NO;
				CLANG_ANALYZER_NONNULL = YES;
				CLANG_ANALYZER_NUMBER_OBJECT_CONVERSION = YES_AGGRESSIVE;
				CLANG_CXX_LANGUAGE_STANDARD = "gnu++14";
				CLANG_CXX_LIBRARY = "libc++";
				CLANG_ENABLE_MODULES = YES;
				CLANG_ENABLE_OBJC_ARC = YES;
				CLANG_ENABLE_OBJC_WEAK = YES;
				CLANG_WARN_BLOCK_CAPTURE_AUTORELEASING = YES;
				CLANG_WARN_BOOL_CONVERSION = YES;
				CLANG_WARN_COMMA = YES;
				CLANG_WARN_CONSTANT_CONVERSION = YES;
				CLANG_WARN_DEPRECATED_OBJC_IMPLEMENTATIONS = YES;
				CLANG_WARN_DIRECT_OBJC_ISA_USAGE = YES_ERROR;
				CLANG_WARN_DOCUMENTATION_COMMENTS = YES;
				CLANG_WARN_EMPTY_BODY = YES;
				CLANG_WARN_ENUM_CONVERSION = YES;
				CLANG_WARN_INFINITE_RECURSION = YES;
				CLANG_WARN_INT_CONVERSION = YES;
				CLANG_WARN_NON_LITERAL_NULL_CONVERSION = YES;
				CLANG_WARN_OBJC_IMPLICIT_RETAIN_SELF = YES;
				CLANG_WARN_OBJC_LITERAL_CONVERSION = YES;
				CLANG_WARN_OBJC_ROOT_CLASS = YES_ERROR;
				CLANG_WARN_RANGE_LOOP_ANALYSIS = YES;
				CLANG_WARN_STRICT_PROTOTYPES = YES;
				CLANG_WARN_SUSPICIOUS_MOVE = YES;
				CLANG_WARN_UNGUARDED_AVAILABILITY = YES_AGGRESSIVE;
				CLANG_WARN_UNREACHABLE_CODE = YES;
				CLANG_WARN__DUPLICATE_METHOD_MATCH = YES;
				CODE_SIGN_IDENTITY = "iPhone Developer";
				COPY_PHASE_STRIP = NO;
				DEBUG_INFORMATION_FORMAT = dwarf;
				ENABLE_STRICT_OBJC_MSGSEND = YES;
				ENABLE_TESTABILITY = YES;
				GCC_C_LANGUAGE_STANDARD = gnu11;
				GCC_DYNAMIC_NO_PIC = NO;
				GCC_NO_COMMON_BLOCKS = YES;
				GCC_OPTIMIZATION_LEVEL = 0;
				GCC_PREPROCESSOR_DEFINITIONS = (
					"DEBUG=1",
					"$(inherited)",
				);
				GCC_WARN_64_TO_32_BIT_CONVERSION = YES;
				GCC_WARN_ABOUT_RETURN_TYPE = YES_ERROR;
				GCC_WARN_UNDECLARED_SELECTOR = YES;
				GCC_WARN_UNINITIALIZED_AUTOS = YES_AGGRESSIVE;
				GCC_WARN_UNUSED_FUNCTION = YES;
				GCC_WARN_UNUSED_VARIABLE = YES;
				IPHONEOS_DEPLOYMENT_TARGET = 12.1;
				MTL_ENABLE_DEBUG_INFO = INCLUDE_SOURCE;
				MTL_FAST_MATH = YES;
				ONLY_ACTIVE_ARCH = YES;
				SDKROOT = iphoneos;
				SWIFT_ACTIVE_COMPILATION_CONDITIONS = DEBUG;
				SWIFT_OPTIMIZATION_LEVEL = "-Onone";
			};
			name = Debug;
		};
		6F5DECB723D7DE3000E7ED47 /* Release */ = {
			isa = XCBuildConfiguration;
			buildSettings = {
				ALWAYS_SEARCH_USER_PATHS = NO;
				CLANG_ANALYZER_NONNULL = YES;
				CLANG_ANALYZER_NUMBER_OBJECT_CONVERSION = YES_AGGRESSIVE;
				CLANG_CXX_LANGUAGE_STANDARD = "gnu++14";
				CLANG_CXX_LIBRARY = "libc++";
				CLANG_ENABLE_MODULES = YES;
				CLANG_ENABLE_OBJC_ARC = YES;
				CLANG_ENABLE_OBJC_WEAK = YES;
				CLANG_WARN_BLOCK_CAPTURE_AUTORELEASING = YES;
				CLANG_WARN_BOOL_CONVERSION = YES;
				CLANG_WARN_COMMA = YES;
				CLANG_WARN_CONSTANT_CONVERSION = YES;
				CLANG_WARN_DEPRECATED_OBJC_IMPLEMENTATIONS = YES;
				CLANG_WARN_DIRECT_OBJC_ISA_USAGE = YES_ERROR;
				CLANG_WARN_DOCUMENTATION_COMMENTS = YES;
				CLANG_WARN_EMPTY_BODY = YES;
				CLANG_WARN_ENUM_CONVERSION = YES;
				CLANG_WARN_INFINITE_RECURSION = YES;
				CLANG_WARN_INT_CONVERSION = YES;
				CLANG_WARN_NON_LITERAL_NULL_CONVERSION = YES;
				CLANG_WARN_OBJC_IMPLICIT_RETAIN_SELF = YES;
				CLANG_WARN_OBJC_LITERAL_CONVERSION = YES;
				CLANG_WARN_OBJC_ROOT_CLASS = YES_ERROR;
				CLANG_WARN_RANGE_LOOP_ANALYSIS = YES;
				CLANG_WARN_STRICT_PROTOTYPES = YES;
				CLANG_WARN_SUSPICIOUS_MOVE = YES;
				CLANG_WARN_UNGUARDED_AVAILABILITY = YES_AGGRESSIVE;
				CLANG_WARN_UNREACHABLE_CODE = YES;
				CLANG_WARN__DUPLICATE_METHOD_MATCH = YES;
				CODE_SIGN_IDENTITY = "iPhone Developer";
				COPY_PHASE_STRIP = NO;
				DEBUG_INFORMATION_FORMAT = "dwarf-with-dsym";
				ENABLE_NS_ASSERTIONS = NO;
				ENABLE_STRICT_OBJC_MSGSEND = YES;
				GCC_C_LANGUAGE_STANDARD = gnu11;
				GCC_NO_COMMON_BLOCKS = YES;
				GCC_WARN_64_TO_32_BIT_CONVERSION = YES;
				GCC_WARN_ABOUT_RETURN_TYPE = YES_ERROR;
				GCC_WARN_UNDECLARED_SELECTOR = YES;
				GCC_WARN_UNINITIALIZED_AUTOS = YES_AGGRESSIVE;
				GCC_WARN_UNUSED_FUNCTION = YES;
				GCC_WARN_UNUSED_VARIABLE = YES;
				IPHONEOS_DEPLOYMENT_TARGET = 12.1;
				MTL_ENABLE_DEBUG_INFO = NO;
				MTL_FAST_MATH = YES;
				SDKROOT = iphoneos;
				SWIFT_COMPILATION_MODE = wholemodule;
				SWIFT_OPTIMIZATION_LEVEL = "-O";
				VALIDATE_PRODUCT = YES;
			};
			name = Release;
		};
		6F5DECB923D7DE3000E7ED47 /* Debug */ = {
			isa = XCBuildConfiguration;
			buildSettings = {
				ASSETCATALOG_COMPILER_APPICON_NAME = AppIcon;
				CODE_SIGN_STYLE = Automatic;
				INFOPLIST_FILE = tipCalculator/Info.plist;
				LD_RUNPATH_SEARCH_PATHS = (
					"$(inherited)",
					"@executable_path/Frameworks",
				);
				PRODUCT_BUNDLE_IDENTIFIER = co.MubarekMussa.tipCalculator;
				PRODUCT_NAME = "$(TARGET_NAME)";
				SWIFT_VERSION = 4.2;
				TARGETED_DEVICE_FAMILY = "1,2";
			};
			name = Debug;
		};
		6F5DECBA23D7DE3000E7ED47 /* Release */ = {
			isa = XCBuildConfiguration;
			buildSettings = {
				ASSETCATALOG_COMPILER_APPICON_NAME = AppIcon;
				CODE_SIGN_STYLE = Automatic;
				INFOPLIST_FILE = tipCalculator/Info.plist;
				LD_RUNPATH_SEARCH_PATHS = (
					"$(inherited)",
					"@executable_path/Frameworks",
				);
				PRODUCT_BUNDLE_IDENTIFIER = co.MubarekMussa.tipCalculator;
				PRODUCT_NAME = "$(TARGET_NAME)";
				SWIFT_VERSION = 4.2;
				TARGETED_DEVICE_FAMILY = "1,2";
			};
			name = Release;
		};
		6F5DECBC23D7DE3000E7ED47 /* Debug */ = {
			isa = XCBuildConfiguration;
			buildSettings = {
				ALWAYS_EMBED_SWIFT_STANDARD_LIBRARIES = YES;
				BUNDLE_LOADER = "$(TEST_HOST)";
				CODE_SIGN_STYLE = Automatic;
				INFOPLIST_FILE = tipCalculatorTests/Info.plist;
				LD_RUNPATH_SEARCH_PATHS = (
					"$(inherited)",
					"@executable_path/Frameworks",
					"@loader_path/Frameworks",
				);
				PRODUCT_BUNDLE_IDENTIFIER = co.MubarekMussa.tipCalculatorTests;
				PRODUCT_NAME = "$(TARGET_NAME)";
				SWIFT_VERSION = 4.2;
				TARGETED_DEVICE_FAMILY = "1,2";
				TEST_HOST = "$(BUILT_PRODUCTS_DIR)/tipCalculator.app/tipCalculator";
			};
			name = Debug;
		};
		6F5DECBD23D7DE3000E7ED47 /* Release */ = {
			isa = XCBuildConfiguration;
			buildSettings = {
				ALWAYS_EMBED_SWIFT_STANDARD_LIBRARIES = YES;
				BUNDLE_LOADER = "$(TEST_HOST)";
				CODE_SIGN_STYLE = Automatic;
				INFOPLIST_FILE = tipCalculatorTests/Info.plist;
				LD_RUNPATH_SEARCH_PATHS = (
					"$(inherited)",
					"@executable_path/Frameworks",
					"@loader_path/Frameworks",
				);
				PRODUCT_BUNDLE_IDENTIFIER = co.MubarekMussa.tipCalculatorTests;
				PRODUCT_NAME = "$(TARGET_NAME)";
				SWIFT_VERSION = 4.2;
				TARGETED_DEVICE_FAMILY = "1,2";
				TEST_HOST = "$(BUILT_PRODUCTS_DIR)/tipCalculator.app/tipCalculator";
			};
			name = Release;
		};
		6F5DECBF23D7DE3000E7ED47 /* Debug */ = {
			isa = XCBuildConfiguration;
			buildSettings = {
				ALWAYS_EMBED_SWIFT_STANDARD_LIBRARIES = YES;
				CODE_SIGN_STYLE = Automatic;
				INFOPLIST_FILE = tipCalculatorUITests/Info.plist;
				LD_RUNPATH_SEARCH_PATHS = (
					"$(inherited)",
					"@executable_path/Frameworks",
					"@loader_path/Frameworks",
				);
				PRODUCT_BUNDLE_IDENTIFIER = co.MubarekMussa.tipCalculatorUITests;
				PRODUCT_NAME = "$(TARGET_NAME)";
				SWIFT_VERSION = 4.2;
				TARGETED_DEVICE_FAMILY = "1,2";
				TEST_TARGET_NAME = tipCalculator;
			};
			name = Debug;
		};
		6F5DECC023D7DE3000E7ED47 /* Release */ = {
			isa = XCBuildConfiguration;
			buildSettings = {
				ALWAYS_EMBED_SWIFT_STANDARD_LIBRARIES = YES;
				CODE_SIGN_STYLE = Automatic;
				INFOPLIST_FILE = tipCalculatorUITests/Info.plist;
				LD_RUNPATH_SEARCH_PATHS = (
					"$(inherited)",
					"@executable_path/Frameworks",
					"@loader_path/Frameworks",
				);
				PRODUCT_BUNDLE_IDENTIFIER = co.MubarekMussa.tipCalculatorUITests;
				PRODUCT_NAME = "$(TARGET_NAME)";
				SWIFT_VERSION = 4.2;
				TARGETED_DEVICE_FAMILY = "1,2";
				TEST_TARGET_NAME = tipCalculator;
			};
			name = Release;
		};
/* End XCBuildConfiguration section */

/* Begin XCConfigurationList section */
		6F5DEC8B23D7DE2E00E7ED47 /* Build configuration list for PBXProject "tipCalculator" */ = {
			isa = XCConfigurationList;
			buildConfigurations = (
				6F5DECB623D7DE3000E7ED47 /* Debug */,
				6F5DECB723D7DE3000E7ED47 /* Release */,
			);
			defaultConfigurationIsVisible = 0;
			defaultConfigurationName = Release;
		};
		6F5DECB823D7DE3000E7ED47 /* Build configuration list for PBXNativeTarget "tipCalculator" */ = {
			isa = XCConfigurationList;
			buildConfigurations = (
				6F5DECB923D7DE3000E7ED47 /* Debug */,
				6F5DECBA23D7DE3000E7ED47 /* Release */,
			);
			defaultConfigurationIsVisible = 0;
			defaultConfigurationName = Release;
		};
		6F5DECBB23D7DE3000E7ED47 /* Build configuration list for PBXNativeTarget "tipCalculatorTests" */ = {
			isa = XCConfigurationList;
			buildConfigurations = (
				6F5DECBC23D7DE3000E7ED47 /* Debug */,
				6F5DECBD23D7DE3000E7ED47 /* Release */,
			);
			defaultConfigurationIsVisible = 0;
			defaultConfigurationName = Release;
		};
		6F5DECBE23D7DE3000E7ED47 /* Build configuration list for PBXNativeTarget "tipCalculatorUITests" */ = {
			isa = XCConfigurationList;
			buildConfigurations = (
				6F5DECBF23D7DE3000E7ED47 /* Debug */,
				6F5DECC023D7DE3000E7ED47 /* Release */,
			);
			defaultConfigurationIsVisible = 0;
			defaultConfigurationName = Release;
		};
/* End XCConfigurationList section */
	};
	rootObject = 6F5DEC8823D7DE2E00E7ED47 /* Project object */;
}
